
Microsoft Visual Studio Solution File, Format Version 12.00
# Visual Studio Version 16
VisualStudioVersion = 16.0.30011.22
MinimumVisualStudioVersion = 10.0.40219.1
Project("{8BC9CEB8-8B4A-11D0-8D11-00A0C91BC942}") = "数组封装", "数组封装\数组封装.vcxproj", "{FF2FBADC-92E0-44CB-AB5F-F37A4825A666}"
EndProject
Global
	GlobalSection(SolutionConfigurationPlatforms) = preSolution
		Debug|x64 = Debug|x64
		Debug|x86 = Debug|x86
		Release|x64 = Release|x64
		Release|x86 = Release|x86
	EndGlobalSection
	GlobalSection(ProjectConfigurationPlatforms) = postSolution
		{FF2FBADC-92E0-44CB-AB5F-F37A4825A666}.Debug|x64.ActiveCfg = Debug|x64
		{FF2FBADC-92E0-44CB-AB5F-F37A4825A666}.Debug|x64.Build.0 = Debug|x64
		{FF2FBADC-92E0-44CB-AB5F-F37A4825A666}.Debug|x86.ActiveCfg = Debug|Win32
		{FF2FBADC-92E0-44CB-AB5F-F37A4825A666}.Debug|x86.Build.0 = Debug|Win32
		{FF2FBADC-92E0-44CB-AB5F-F37A4825A666}.Release|x64.ActiveCfg = Release|x64
		{FF2FBADC-92E0-44CB-AB5F-F37A4825A666}.Release|x64.Build.0 = Release|x64
		{FF2FBADC-92E0-44CB-AB5F-F37A4825A666}.Release|x86.ActiveCfg = Release|Win32
		{FF2FBADC-92E0-44CB-AB5F-F37A4825A666}.Release|x86.Build.0 = Release|Win32
	EndGlobalSection
	GlobalSection(SolutionProperties) = preSolution
		HideSolutionNode = FALSE
	EndGlobalSection
	GlobalSection(ExtensibilityGlobals) = postSolution
		SolutionGuid = {124375C5-D181-4967-B896-4C2B407E1B12}
	EndGlobalSection
EndGlobal
